<?xml version="1.0" encoding="utf-8"?>
<Project ToolsVersion="4.0" xmlns="http://schemas.microsoft.com/developer/msbuild/2003">
  <ItemGroup>
    <Filter Include="Исходные файлы">
      <UniqueIdentifier>{4FC737F1-C7A5-4376-A066-2A32D752A2FF}</UniqueIdentifier>
      <Extensions>cpp;c;cc;cxx;c++;cppm;ixx;def;odl;idl;hpj;bat;asm;asmx</Extensions>
    </Filter>
    <Filter Include="Файлы заголовков">
      <UniqueIdentifier>{93995380-89BD-4b04-88EB-625FBE52EBFB}</UniqueIdentifier>
      <Extensions>h;hh;hpp;hxx;h++;hm;inl;inc;ipp;xsd</Extensions>
    </Filter>
    <Filter Include="Файлы ресурсов">
      <UniqueIdentifier>{67DA6AB6-F800-4c08-8B7A-83BB121AAD01}</UniqueIdentifier>
      <Extensions>rc;ico;cur;bmp;dlg;rc2;rct;bin;rgs;gif;jpg;jpeg;jpe;resx;tiff;tif;png;wav;mfcribbon-ms</Extensions>
    </Filter>
    <Filter Include="AirVehicles">
      <UniqueIdentifier>{a420d829-39ba-4f1f-a4b4-2acdb05a6c02}</UniqueIdentifier>
    </Filter>
    <Filter Include="GraundVehicles">
      <UniqueIdentifier>{28e56633-e9b2-4d26-bd2c-f70a289d5127}</UniqueIdentifier>
    </Filter>
    <Filter Include="DynamicVehicles">
      <UniqueIdentifier>{fdce4ea2-a0bc-4fd3-9b3b-4d0901bfa10b}</UniqueIdentifier>
    </Filter>
  </ItemGroup>
  <ItemGroup>
    <ClCompile Include="AirVehicles\AirVehicles.cpp">
      <Filter>AirVehicles</Filter>
    </ClCompile>
    <ClCompile Include="AirVehicles\Broom.cpp">
      <Filter>AirVehicles</Filter>
    </ClCompile>
    <ClCompile Include="AirVehicles\CarpetPlane.cpp">
      <Filter>AirVehicles</Filter>
    </ClCompile>
    <ClCompile Include="AirVehicles\Eagle.cpp">
      <Filter>AirVehicles</Filter>
    </ClCompile>
    <ClCompile Include="GraundVehicles\BootsAllTerrains.cpp">
      <Filter>GraundVehicles</Filter>
    </ClCompile>
    <ClCompile Include="GraundVehicles\Camel.cpp">
      <Filter>GraundVehicles</Filter>
    </ClCompile>
    <ClCompile Include="GraundVehicles\CamelSpeedWalker.cpp">
      <Filter>GraundVehicles</Filter>
    </ClCompile>
    <ClCompile Include="GraundVehicles\Centaur.cpp">
      <Filter>GraundVehicles</Filter>
    </ClCompile>
    <ClCompile Include="GraundVehicles\GraundVehicles.cpp">
      <Filter>GraundVehicles</Filter>
    </ClCompile>
    <ClCompile Include="DynamicVehicles\DynamicVehicles.cpp">
      <Filter>DynamicVehicles</Filter>
    </ClCompile>
    <ClCompile Include="Functions.cpp">
      <Filter>Исходные файлы</Filter>
    </ClCompile>
  </ItemGroup>
  <ItemGroup>
    <ClInclude Include="AirVehicles\AirVehicles.h">
      <Filter>AirVehicles</Filter>
    </ClInclude>
    <ClInclude Include="AirVehicles\Broom.h">
      <Filter>AirVehicles</Filter>
    </ClInclude>
    <ClInclude Include="AirVehicles\CarpetPlane.h">
      <Filter>AirVehicles</Filter>
    </ClInclude>
    <ClInclude Include="AirVehicles\Eagle.h">
      <Filter>AirVehicles</Filter>
    </ClInclude>
    <ClInclude Include="GraundVehicles\BootsAllTerrains.h">
      <Filter>GraundVehicles</Filter>
    </ClInclude>
    <ClInclude Include="GraundVehicles\Camel.h">
      <Filter>GraundVehicles</Filter>
    </ClInclude>
    <ClInclude Include="GraundVehicles\CamelSpeedWalker.h">
      <Filter>GraundVehicles</Filter>
    </ClInclude>
    <ClInclude Include="GraundVehicles\Centaur.h">
      <Filter>GraundVehicles</Filter>
    </ClInclude>
    <ClInclude Include="GraundVehicles\GraundVehicles.h">
      <Filter>GraundVehicles</Filter>
    </ClInclude>
    <ClInclude Include="DynamicVehicles\DynamicVehicles.h">
      <Filter>DynamicVehicles</Filter>
    </ClInclude>
    <ClInclude Include="Functions.h">
      <Filter>Исходные файлы</Filter>
    </ClInclude>
  </ItemGroup>
</Project>